PODS:
  - AOAlertController (1.2.1)
  - AsyncSwift (2.0.1)
  - DeviceKit (1.2.3)
  - Dobby (0.7.0)
  - DZNEmptyDataSet (1.8.1)
  - FLAnimatedImage (1.0.12)
  - GoogleAnalytics (3.17.0)
  - GPUImage (0.1.7)
  - HanekeSwift (0.10.1)
  - HockeySDK (4.1.6):
    - HockeySDK/DefaultLib (= 4.1.6)
  - HockeySDK/DefaultLib (4.1.6)
  - ImageViewer (4.1.0)
  - KeychainAccess (3.0.2)
  - Keys (1.0.0)
  - Mockingjay (2.0.0):
    - Mockingjay/Core (= 2.0.0)
    - Mockingjay/XCTest (= 2.0.0)
  - Mockingjay/Core (2.0.0):
    - URITemplate (~> 2.0)
  - Mockingjay/XCTest (2.0.0):
    - Mockingjay/Core
  - Nimble (7.0.2)
  - PeekPop (1.0.0)
  - PromiseKit (4.3.1):
    - PromiseKit/Foundation (= 4.3.1)
    - PromiseKit/QuartzCore (= 4.3.1)
    - PromiseKit/UIKit (= 4.3.1)
  - PromiseKit/CorePromise (4.3.1)
  - PromiseKit/Foundation (4.3.1):
    - PromiseKit/CorePromise
  - PromiseKit/QuartzCore (4.3.1):
    - PromiseKit/CorePromise
  - PromiseKit/UIKit (4.3.1):
    - PromiseKit/CorePromise
  - PureLayout (3.0.2)
  - Quick (0.10.0)
  - Solar (1.0.0)
  - SwiftyJSON (3.1.4)
  - SwiftyUserDefaults (3.0.0)
  - TTTAttributedLabel (2.0.0)
  - URITemplate (2.0.1)
  - ZFDragableModalTransition (0.6)

DEPENDENCIES:
  - AOAlertController (from `https://github.com/0legAdamov/AOAlertController`, tag `v1.2.1`)
  - AsyncSwift (~> 2.0)
  - DeviceKit (~> 1.0)
  - Dobby (from `https://github.com/trivago/Dobby.git`, tag `0.7.0`)
  - DZNEmptyDataSet (~> 1.7)
  - FLAnimatedImage (~> 1.0)
  - GoogleAnalytics (~> 3.14)
  - GPUImage (~> 0.1)
  - HanekeSwift (from `https://github.com/Haneke/HanekeSwift.git`, branch `feature/swift-3`)
  - HockeySDK (~> 4.1)
  - ImageViewer (~> 4.0)
  - KeychainAccess (~> 3.0)
  - Keys (from `Pods/CocoaPodsKeys`)
  - Mockingjay (~> 2.0)
  - Nimble (~> 7.0)
  - PeekPop (from `https://github.com/Myrenkar/PeekPop`, tag `0.1.9`)
  - PromiseKit (~> 4.0)
  - PureLayout (~> 3.0)
  - Quick (~> 0.10)
  - Solar (~> 1.0.0)
  - SwiftyJSON (~> 3.1)
  - SwiftyUserDefaults (~> 3.0)
  - TTTAttributedLabel (~> 2.0)
  - ZFDragableModalTransition (~> 0.6)

EXTERNAL SOURCES:
  AOAlertController:
    :git: https://github.com/0legAdamov/AOAlertController
    :tag: v1.2.1
  Dobby:
    :git: https://github.com/trivago/Dobby.git
    :tag: 0.7.0
  HanekeSwift:
    :branch: feature/swift-3
    :git: https://github.com/Haneke/HanekeSwift.git
  Keys:
    :path: Pods/CocoaPodsKeys
  PeekPop:
    :git: https://github.com/Myrenkar/PeekPop
    :tag: 0.1.9

CHECKOUT OPTIONS:
  AOAlertController:
    :git: https://github.com/0legAdamov/AOAlertController
    :tag: v1.2.1
  Dobby:
    :git: https://github.com/trivago/Dobby.git
    :tag: 0.7.0
  HanekeSwift:
    :commit: 2f6d87f1f725d204d85cb34492e8c399cd5a200f
    :git: https://github.com/Haneke/HanekeSwift.git
  PeekPop:
    :git: https://github.com/Myrenkar/PeekPop
    :tag: 0.1.9

SPEC CHECKSUMS:
  AOAlertController: 937352719e3e9df03f0b6b9903665e1eaa76a558
  AsyncSwift: 632138e42ead868b53c745fcde9bf733ce1527ad
  DeviceKit: f33cbc6e67d9bb416e42dedc647557c7c2f6d3d7
  Dobby: efe7dca1c2bca412034dc909d350b2409193bf99
  DZNEmptyDataSet: 9525833b9e68ac21c30253e1d3d7076cc828eaa7
  FLAnimatedImage: 4a0b56255d9b05f18b6dd7ee06871be5d3b89e31
  GoogleAnalytics: f42cc53a87a51fe94334821868d9c8481ff47a7b
  GPUImage: 733a5f0fab92df9de1c37ba9df520a833ccb406d
  HanekeSwift: 4113367892828e7700d24a384027de6ebc79aad1
  HockeySDK: 95db557d54489a570dcdefae0d02f98eecc279a3
  ImageViewer: 163e5832e0a09e31a3e3482cce6e5e9029356174
  KeychainAccess: a986406022dfc7c634c691ad3bec670cc6a32002
  Keys: 9c35bf00f612ee1d48556f4a4b9b4551e224e90f
  Mockingjay: 7122a3fc0597aa63438e4cd9b71b7bc8aac05b87
  Nimble: bfe1f814edabba69ff145cb1283e04ed636a67f2
  PeekPop: f8d70aeefdc676881e04f388638e5e6751e0c354
  PromiseKit: 25a114b90b932ec8169b5736bd0881fe0efa93b5
  PureLayout: 4d550abe49a94f24c2808b9b95db9131685fe4cd
  Quick: 5d290df1c69d5ee2f0729956dcf0fd9a30447eaa
  Solar: 8db49542f5bf0272a23a488f0769c58af7b6e28e
  SwiftyJSON: c2842d878f95482ffceec5709abc3d05680c0220
  SwiftyUserDefaults: 0f1d45fc3aafb9064dac661e367f8f83fe21a4b4
  TTTAttributedLabel: 8cffe8e127e4e82ff3af1e5386d4cd0ad000b656
  URITemplate: 720b8a56a281494d7c2d31ee33183986eaed2c67
  ZFDragableModalTransition: 0d294eaaba6edfcb9839595de765f9ca06a4b524

PODFILE CHECKSUM: 3d4520246b5acabd7b92b29cc0fc111b2a802256

COCOAPODS: 1.1.1
